
Microsoft Visual Studio Solution File, Format Version 12.00
# Visual Studio Version 17
VisualStudioVersion = 17.2.32616.157
MinimumVisualStudioVersion = 10.0.40219.1
Project("{FAE04EC0-301F-11D3-BF4B-00C04F79EFBC}") = "Client", "Client\Client.csproj", "{8062F857-D9F7-4481-AC69-532140B71BC4}"
EndProject
Project("{FAE04EC0-301F-11D3-BF4B-00C04F79EFBC}") = "Server", "Server\Server.csproj", "{DE691878-5818-4039-B3E7-F3C08A4E93F1}"
EndProject
Global
	GlobalSection(SolutionConfigurationPlatforms) = preSolution
		Debug|Any CPU = Debug|Any CPU
		Release|Any CPU = Release|Any CPU
	EndGlobalSection
	GlobalSection(ProjectConfigurationPlatforms) = postSolution
		{8062F857-D9F7-4481-AC69-532140B71BC4}.Debug|Any CPU.ActiveCfg = Debug|Any CPU
		{8062F857-D9F7-4481-AC69-532140B71BC4}.Debug|Any CPU.Build.0 = Debug|Any CPU
		{8062F857-D9F7-4481-AC69-532140B71BC4}.Release|Any CPU.ActiveCfg = Release|Any CPU
		{8062F857-D9F7-4481-AC69-532140B71BC4}.Release|Any CPU.Build.0 = Release|Any CPU
		{DE691878-5818-4039-B3E7-F3C08A4E93F1}.Debug|Any CPU.ActiveCfg = Debug|Any CPU
		{DE691878-5818-4039-B3E7-F3C08A4E93F1}.Debug|Any CPU.Build.0 = Debug|Any CPU
		{DE691878-5818-4039-B3E7-F3C08A4E93F1}.Release|Any CPU.ActiveCfg = Release|Any CPU
		{DE691878-5818-4039-B3E7-F3C08A4E93F1}.Release|Any CPU.Build.0 = Release|Any CPU
	EndGlobalSection
	GlobalSection(SolutionProperties) = preSolution
		HideSolutionNode = FALSE
	EndGlobalSection
	GlobalSection(ExtensibilityGlobals) = postSolution
		SolutionGuid = {86316C42-6A4B-474B-A8F5-8C98AFF6AD71}
	EndGlobalSection
EndGlobal
